// !$*UTF8*$!
{
	archiveVersion = 1;
	classes = {
	};
	objectVersion = 50;
	objects = {

/* Begin PBXFileReference section */
		84E553E4216691A200CBB024 /* systemHostName.cpp */ = {isa = PBXFileReference; lastKnownFileType = sourcecode.cpp.cpp; path = systemHostName.cpp; sourceTree = "<group>"; };
		84E553E5216691A200CBB024 /* systemHostName.hpp */ = {isa = PBXFileReference; lastKnownFileType = sourcecode.cpp.h; path = systemHostName.hpp; sourceTree = "<group>"; };
		84E553E62166A30E00CBB024 /* operatingSystemDetails.cpp */ = {isa = PBXFileReference; lastKnownFileType = sourcecode.cpp.cpp; path = operatingSystemDetails.cpp; sourceTree = "<group>"; };
		84E553E72166A30E00CBB024 /* operatingSystemDetails.hpp */ = {isa = PBXFileReference; lastKnownFileType = sourcecode.cpp.h; path = operatingSystemDetails.hpp; sourceTree = "<group>"; };
		84E553E82166AEAF00CBB024 /* processorInfo.cpp */ = {isa = PBXFileReference; lastKnownFileType = sourcecode.cpp.cpp; path = processorInfo.cpp; sourceTree = "<group>"; };
		84E553E92166AEAF00CBB024 /* processorInfo.hpp */ = {isa = PBXFileReference; lastKnownFileType = sourcecode.cpp.h; path = processorInfo.hpp; sourceTree = "<group>"; };
		84E553EA2166BB3E00CBB024 /* memoryInfo.cpp */ = {isa = PBXFileReference; lastKnownFileType = sourcecode.cpp.cpp; path = memoryInfo.cpp; sourceTree = "<group>"; };
		84E553EB2166BB3E00CBB024 /* memoryInfo.hpp */ = {isa = PBXFileReference; lastKnownFileType = sourcecode.cpp.h; path = memoryInfo.hpp; sourceTree = "<group>"; };
		84E553EC2166BCFB00CBB024 /* networkInterfaceList.cpp */ = {isa = PBXFileReference; lastKnownFileType = sourcecode.cpp.cpp; path = networkInterfaceList.cpp; sourceTree = "<group>"; };
		84E553ED2166BCFB00CBB024 /* networkInterfaceList.hpp */ = {isa = PBXFileReference; lastKnownFileType = sourcecode.cpp.h; path = networkInterfaceList.hpp; sourceTree = "<group>"; };
		84E553EE2166BF9900CBB024 /* networkInterface.cpp */ = {isa = PBXFileReference; lastKnownFileType = sourcecode.cpp.cpp; path = networkInterface.cpp; sourceTree = "<group>"; };
		84E553EF2166BF9900CBB024 /* networkInterface.hpp */ = {isa = PBXFileReference; lastKnownFileType = sourcecode.cpp.h; path = networkInterface.hpp; sourceTree = "<group>"; };
		84E553F02166C84A00CBB024 /* process.cpp */ = {isa = PBXFileReference; lastKnownFileType = sourcecode.cpp.cpp; path = process.cpp; sourceTree = "<group>"; };
		84E553F12166C84A00CBB024 /* process.hpp */ = {isa = PBXFileReference; lastKnownFileType = sourcecode.cpp.h; path = process.hpp; sourceTree = "<group>"; };
		84E553F22166C85C00CBB024 /* processList.cpp */ = {isa = PBXFileReference; lastKnownFileType = sourcecode.cpp.cpp; path = processList.cpp; sourceTree = "<group>"; };
		84E553F32166C85C00CBB024 /* processList.hpp */ = {isa = PBXFileReference; lastKnownFileType = sourcecode.cpp.h; path = processList.hpp; sourceTree = "<group>"; };
		84E553F42167095700CBB024 /* utility1.cpp */ = {isa = PBXFileReference; lastKnownFileType = sourcecode.cpp.cpp; path = utility1.cpp; sourceTree = "<group>"; };
		84E553F52167095700CBB024 /* utility1.hpp */ = {isa = PBXFileReference; lastKnownFileType = sourcecode.cpp.h; path = utility1.hpp; sourceTree = "<group>"; };
		84E553F621670CB300CBB024 /* utility2.cpp */ = {isa = PBXFileReference; lastKnownFileType = sourcecode.cpp.cpp; path = utility2.cpp; sourceTree = "<group>"; };
		84E553F721670CB300CBB024 /* utility2.hpp */ = {isa = PBXFileReference; lastKnownFileType = sourcecode.cpp.h; path = utility2.hpp; sourceTree = "<group>"; };
/* End PBXFileReference section */

/* Begin PBXGroup section */
		84E553DD2166910100CBB024 = {
			isa = PBXGroup;
			children = (
				84E553F621670CB300CBB024 /* utility2.cpp */,
				84E553F721670CB300CBB024 /* utility2.hpp */,
				84E553F42167095700CBB024 /* utility1.cpp */,
				84E553F52167095700CBB024 /* utility1.hpp */,
				84E553F22166C85C00CBB024 /* processList.cpp */,
				84E553F32166C85C00CBB024 /* processList.hpp */,
				84E553F02166C84A00CBB024 /* process.cpp */,
				84E553F12166C84A00CBB024 /* process.hpp */,
				84E553EE2166BF9900CBB024 /* networkInterface.cpp */,
				84E553EF2166BF9900CBB024 /* networkInterface.hpp */,
				84E553EC2166BCFB00CBB024 /* networkInterfaceList.cpp */,
				84E553ED2166BCFB00CBB024 /* networkInterfaceList.hpp */,
				84E553EA2166BB3E00CBB024 /* memoryInfo.cpp */,
				84E553EB2166BB3E00CBB024 /* memoryInfo.hpp */,
				84E553E82166AEAF00CBB024 /* processorInfo.cpp */,
				84E553E92166AEAF00CBB024 /* processorInfo.hpp */,
				84E553E62166A30E00CBB024 /* operatingSystemDetails.cpp */,
				84E553E72166A30E00CBB024 /* operatingSystemDetails.hpp */,
				84E553E4216691A200CBB024 /* systemHostName.cpp */,
				84E553E5216691A200CBB024 /* systemHostName.hpp */,
			);
			sourceTree = "<group>";
		};
/* End PBXGroup section */

/* Begin PBXProject section */
		84E553DE2166910100CBB024 /* Project object */ = {
			isa = PBXProject;
			attributes = {
				LastUpgradeCheck = 1000;
			};
			buildConfigurationList = 84E553E12166910100CBB024 /* Build configuration list for PBXProject "CS 3307 Assignment 1" */;
			compatibilityVersion = "Xcode 9.3";
			developmentRegion = en;
			hasScannedForEncodings = 0;
			knownRegions = (
				en,
			);
			mainGroup = 84E553DD2166910100CBB024;
			projectDirPath = "";
			projectRoot = "";
			targets = (
			);
		};
/* End PBXProject section */

/* Begin XCBuildConfiguration section */
		84E553E22166910100CBB024 /* Debug */ = {
			isa = XCBuildConfiguration;
			buildSettings = {
			};
			name = Debug;
		};
		84E553E32166910100CBB024 /* Release */ = {
			isa = XCBuildConfiguration;
			buildSettings = {
			};
			name = Release;
		};
/* End XCBuildConfiguration section */

/* Begin XCConfigurationList section */
		84E553E12166910100CBB024 /* Build configuration list for PBXProject "CS 3307 Assignment 1" */ = {
			isa = XCConfigurationList;
			buildConfigurations = (
				84E553E22166910100CBB024 /* Debug */,
				84E553E32166910100CBB024 /* Release */,
			);
			defaultConfigurationIsVisible = 0;
			defaultConfigurationName = Release;
		};
/* End XCConfigurationList section */
	};
	rootObject = 84E553DE2166910100CBB024 /* Project object */;
}
